// !$*UTF8*$!
{
	archiveVersion = 1;
	classes = {
	};
	objectVersion = 56;
	objects = {

/* Begin PBXBuildFile section */
		C6F68C05AC7B4CDA9103EA170001 /* DealGapIQApp.swift in Sources */ = {isa = PBXBuildFile; fileRef = C6F68C05AC7B4CDA9103EA17 /* DealGapIQApp.swift */; };
		566AFC7011774AE1BB618B830001 /* WebContainerView.swift in Sources */ = {isa = PBXBuildFile; fileRef = 566AFC7011774AE1BB618B83 /* WebContainerView.swift */; };
		17E30E40C9DD4F95B7447B8F0001 /* RevenueCatBridge.swift in Sources */ = {isa = PBXBuildFile; fileRef = 17E30E40C9DD4F95B7447B8F /* RevenueCatBridge.swift */; };
		C0D3F57B5EFC4C938800C1480001 /* Assets.xcassets in Resources */ = {isa = PBXBuildFile; fileRef = C0D3F57B5EFC4C938800C148 /* Assets.xcassets */; };
		0CCC852DF9AE4A489F4F785C /* RevenueCat in Frameworks */ = {isa = PBXBuildFile; productRef = 3B3D055BFD9C4EFC9129F092 /* RevenueCat */; };
/* End PBXBuildFile section */

/* Begin PBXFileReference section */
		DE63A97213AD423D916EF879 /* DealGapIQ.app */ = {isa = PBXFileReference; explicitFileType = wrapper.application; includeInIndex = 0; path = DealGapIQ.app; sourceTree = BUILT_PRODUCTS_DIR; };
		C6F68C05AC7B4CDA9103EA17 /* DealGapIQApp.swift */ = {isa = PBXFileReference; lastKnownFileType = sourcecode.swift; path = DealGapIQApp.swift; sourceTree = "<group>"; };
		566AFC7011774AE1BB618B83 /* WebContainerView.swift */ = {isa = PBXFileReference; lastKnownFileType = sourcecode.swift; path = WebContainerView.swift; sourceTree = "<group>"; };
		17E30E40C9DD4F95B7447B8F /* RevenueCatBridge.swift */ = {isa = PBXFileReference; lastKnownFileType = sourcecode.swift; path = RevenueCatBridge.swift; sourceTree = "<group>"; };
		4B003501117C43F39B3D2050 /* Info.plist */ = {isa = PBXFileReference; lastKnownFileType = text.plist.xml; path = Info.plist; sourceTree = "<group>"; };
		EA6FC153DC6A42A9A9293BD9 /* DealGapIQ.entitlements */ = {isa = PBXFileReference; lastKnownFileType = text.plist.entitlements; path = DealGapIQ.entitlements; sourceTree = "<group>"; };
		C0D3F57B5EFC4C938800C148 /* Assets.xcassets */ = {isa = PBXFileReference; lastKnownFileType = folder.assetcatalog; path = Assets.xcassets; sourceTree = "<group>"; };
/* End PBXFileReference section */

/* Begin PBXFrameworksBuildPhase section */
		3F3D6EB0CF8949F9966150EC /* Frameworks */ = {
			isa = PBXFrameworksBuildPhase;
			buildActionMask = 2147483647;
			files = (
				0CCC852DF9AE4A489F4F785C /* RevenueCat in Frameworks */,
			);
			runOnlyForDeploymentPostprocessing = 0;
		};
/* End PBXFrameworksBuildPhase section */

/* Begin PBXGroup section */
		A8172A288BDA4E3CA40F547A = {
			isa = PBXGroup;
			children = (
				6EFF4C78A2AE40E7929F080E /* DealGapIQ */,
				BA678154D1F24ACE9432BF8B /* Products */,
			);
			sourceTree = "<group>";
		};
		BA678154D1F24ACE9432BF8B /* Products */ = {
			isa = PBXGroup;
			children = (
				DE63A97213AD423D916EF879 /* DealGapIQ.app */,
			);
			name = Products;
			sourceTree = "<group>";
		};
		6EFF4C78A2AE40E7929F080E /* DealGapIQ */ = {
			isa = PBXGroup;
			children = (
				C6F68C05AC7B4CDA9103EA17 /* DealGapIQApp.swift */,
				566AFC7011774AE1BB618B83 /* WebContainerView.swift */,
				17E30E40C9DD4F95B7447B8F /* RevenueCatBridge.swift */,
				C0D3F57B5EFC4C938800C148 /* Assets.xcassets */,
				EA6FC153DC6A42A9A9293BD9 /* DealGapIQ.entitlements */,
				4B003501117C43F39B3D2050 /* Info.plist */,
			);
			path = DealGapIQ;
			sourceTree = "<group>";
		};
/* End PBXGroup section */

/* Begin PBXNativeTarget section */
		80E0535389DC4BE9AB2E458A /* DealGapIQ */ = {
			isa = PBXNativeTarget;
			buildConfigurationList = 6781F004286D4EC881845B97 /* Build configuration list for PBXNativeTarget "DealGapIQ" */;
			buildPhases = (
				41B84EA7055744A2A047CE8A /* Sources */,
				3F3D6EB0CF8949F9966150EC /* Frameworks */,
				25B250A7155F4B878310E0EC /* Resources */,
			);
			buildRules = (
			);
			dependencies = (
			);
			name = DealGapIQ;
			packageProductDependencies = (
				3B3D055BFD9C4EFC9129F092 /* RevenueCat */,
			);
			productName = DealGapIQ;
			productReference = DE63A97213AD423D916EF879 /* DealGapIQ.app */;
			productType = "com.apple.product-type.application";
		};
/* End PBXNativeTarget section */

/* Begin PBXProject section */
		A025CFB2C85F4E188AB6D2A6 /* Project object */ = {
			isa = PBXProject;
			attributes = {
				BuildIndependentTargetsInParallel = 1;
				LastSwiftUpdateCheck = 2600;
				LastUpgradeCheck = 2600;
				TargetAttributes = {
					80E0535389DC4BE9AB2E458A = {
						CreatedOnToolsVersion = 26.0;
					};
				};
			};
			buildConfigurationList = B9424E5F96A74F98A266B15B /* Build configuration list for PBXProject "DealGapIQ" */;
			compatibilityVersion = "Xcode 14.0";
			developmentRegion = en;
			hasScannedForEncodings = 0;
			knownRegions = (
				en,
				Base,
			);
			mainGroup = A8172A288BDA4E3CA40F547A;
			packageReferences = (
				EDAD18E0B773491B9C4EC3B1 /* XCRemoteSwiftPackageReference "purchases-ios-spm" */,
			);
			productRefGroup = BA678154D1F24ACE9432BF8B /* Products */;
			projectDirPath = "";
			projectRoot = "";
			targets = (
				80E0535389DC4BE9AB2E458A /* DealGapIQ */,
			);
		};
/* End PBXProject section */

/* Begin PBXResourcesBuildPhase section */
		25B250A7155F4B878310E0EC /* Resources */ = {
			isa = PBXResourcesBuildPhase;
			buildActionMask = 2147483647;
			files = (
				C0D3F57B5EFC4C938800C1480001 /* Assets.xcassets in Resources */,
			);
			runOnlyForDeploymentPostprocessing = 0;
		};
/* End PBXResourcesBuildPhase section */

/* Begin PBXSourcesBuildPhase section */
		41B84EA7055744A2A047CE8A /* Sources */ = {
			isa = PBXSourcesBuildPhase;
			buildActionMask = 2147483647;
			files = (
				C6F68C05AC7B4CDA9103EA170001 /* DealGapIQApp.swift in Sources */,
				566AFC7011774AE1BB618B830001 /* WebContainerView.swift in Sources */,
				17E30E40C9DD4F95B7447B8F0001 /* RevenueCatBridge.swift in Sources */,
			);
			runOnlyForDeploymentPostprocessing = 0;
		};
/* End PBXSourcesBuildPhase section */

/* Begin XCBuildConfiguration section */
		0CD6ACCD2F834C23A9718C54 /* Debug */ = {
			isa = XCBuildConfiguration;
			buildSettings = {
				ALWAYS_SEARCH_USER_PATHS = NO;
				CLANG_ENABLE_MODULES = YES;
				COPY_PHASE_STRIP = NO;
				DEBUG_INFORMATION_FORMAT = dwarf;
				DEVELOPMENT_TEAM = A2Y6C3NNSY;
				GCC_DYNAMIC_NO_PIC = NO;
				MACOSX_DEPLOYMENT_TARGET = 13.3;
				ONLY_ACTIVE_ARCH = YES;
				SDKROOT = macosx;
				SWIFT_ACTIVE_COMPILATION_CONDITIONS = DEBUG;
				SWIFT_OPTIMIZATION_LEVEL = "-Onone";
			};
			name = Debug;
		};
		6B1277E2E15E48E0AB9B1637 /* Release */ = {
			isa = XCBuildConfiguration;
			buildSettings = {
				ALWAYS_SEARCH_USER_PATHS = NO;
				CLANG_ENABLE_MODULES = YES;
				COPY_PHASE_STRIP = NO;
				DEBUG_INFORMATION_FORMAT = "dwarf-with-dsym";
				DEVELOPMENT_TEAM = A2Y6C3NNSY;
				MACOSX_DEPLOYMENT_TARGET = 13.3;
				SDKROOT = macosx;
				SWIFT_COMPILATION_MODE = wholemodule;
				SWIFT_OPTIMIZATION_LEVEL = "-O";
			};
			name = Release;
		};
		1717E1F6B7B84815B5091C52 /* Debug */ = {
			isa = XCBuildConfiguration;
			buildSettings = {
				ASSETCATALOG_COMPILER_APPICON_NAME = AppIcon;
				CODE_SIGN_ENTITLEMENTS = DealGapIQ/DealGapIQ.entitlements;
				CODE_SIGN_STYLE = Automatic;
				COMBINE_HIDPI_IMAGES = YES;
				CURRENT_PROJECT_VERSION = 1;
				ENABLE_HARDENED_RUNTIME = YES;
				GENERATE_INFOPLIST_FILE = NO;
				INFOPLIST_FILE = DealGapIQ/Info.plist;
				LD_RUNPATH_SEARCH_PATHS = (
					"$(inherited)",
					"@executable_path/../Frameworks",
				);
				MACOSX_DEPLOYMENT_TARGET = 13.3;
				MARKETING_VERSION = 1.0.0;
				PRODUCT_BUNDLE_IDENTIFIER = com.dealgapiq.mobile;
				PRODUCT_NAME = "$(TARGET_NAME)";
				SWIFT_EMIT_LOC_STRINGS = YES;
				SWIFT_VERSION = 5.0;
			};
			name = Debug;
		};
		E81BE6B43FFB407586D8528D /* Release */ = {
			isa = XCBuildConfiguration;
			buildSettings = {
				ASSETCATALOG_COMPILER_APPICON_NAME = AppIcon;
				CODE_SIGN_ENTITLEMENTS = DealGapIQ/DealGapIQ.entitlements;
				CODE_SIGN_STYLE = Automatic;
				COMBINE_HIDPI_IMAGES = YES;
				CURRENT_PROJECT_VERSION = 1;
				ENABLE_HARDENED_RUNTIME = YES;
				GENERATE_INFOPLIST_FILE = NO;
				INFOPLIST_FILE = DealGapIQ/Info.plist;
				LD_RUNPATH_SEARCH_PATHS = (
					"$(inherited)",
					"@executable_path/../Frameworks",
				);
				MACOSX_DEPLOYMENT_TARGET = 13.3;
				MARKETING_VERSION = 1.0.0;
				PRODUCT_BUNDLE_IDENTIFIER = com.dealgapiq.mobile;
				PRODUCT_NAME = "$(TARGET_NAME)";
				SWIFT_EMIT_LOC_STRINGS = YES;
				SWIFT_VERSION = 5.0;
			};
			name = Release;
		};
/* End XCBuildConfiguration section */

/* Begin XCConfigurationList section */
		B9424E5F96A74F98A266B15B /* Build configuration list for PBXProject "DealGapIQ" */ = {
			isa = XCConfigurationList;
			buildConfigurations = (
				0CD6ACCD2F834C23A9718C54 /* Debug */,
				6B1277E2E15E48E0AB9B1637 /* Release */,
			);
			defaultConfigurationIsVisible = 0;
			defaultConfigurationName = Release;
		};
		6781F004286D4EC881845B97 /* Build configuration list for PBXNativeTarget "DealGapIQ" */ = {
			isa = XCConfigurationList;
			buildConfigurations = (
				1717E1F6B7B84815B5091C52 /* Debug */,
				E81BE6B43FFB407586D8528D /* Release */,
			);
			defaultConfigurationIsVisible = 0;
			defaultConfigurationName = Release;
		};
/* End XCConfigurationList section */

/* Begin XCRemoteSwiftPackageReference section */
		EDAD18E0B773491B9C4EC3B1 /* XCRemoteSwiftPackageReference "purchases-ios-spm" */ = {
			isa = XCRemoteSwiftPackageReference;
			repositoryURL = "https://github.com/RevenueCat/purchases-ios-spm.git";
			requirement = {
				kind = upToNextMajorVersion;
				minimumVersion = 5.0.0;
			};
		};
/* End XCRemoteSwiftPackageReference section */

/* Begin XCSwiftPackageProductDependency section */
		3B3D055BFD9C4EFC9129F092 /* RevenueCat */ = {
			isa = XCSwiftPackageProductDependency;
			package = EDAD18E0B773491B9C4EC3B1 /* XCRemoteSwiftPackageReference "purchases-ios-spm" */;
			productName = RevenueCat;
		};
/* End XCSwiftPackageProductDependency section */
	};
	rootObject = A025CFB2C85F4E188AB6D2A6 /* Project object */;
}
